# generated by rye
# use `rye lock` or `rye sync` to update this lockfile
#
# last locked with the following flags:
#   pre: false
#   features: []
#   all-features: false
#   with-sources: false
#   generate-hashes: false
#   universal: false

-e file:.
beautifulsoup4==4.13.3
    # via download-webpage-data
certifi==2025.1.31
    # via requests
charset-normalizer==3.4.1
    # via requests
idna==3.10
    # via requests
pysocks==1.7.1
    # via download-webpage-data
requests==2.32.3
    # via download-webpage-data
soupsieve==2.6
    # via beautifulsoup4
stem==1.8.2
    # via download-webpage-data
typing-extensions==4.12.2
    # via beautifulsoup4
urllib3==2.3.0
    # via download-webpage-data
    # via requests
